
Microsoft Visual Studio Solution File, Format Version 10.00
# Visual Studio 2008
Project("{F184B08F-C81C-45F6-A57F-5ABD9991F28F}") = "QLY_THIET_BI", "QLY_THIET_BI\QLY_THIET_BI.vbproj", "{E7AF5D89-AA3B-46C4-8F4B-464FDCF93799}"
EndProject
Global
	GlobalSection(SolutionConfigurationPlatforms) = preSolution
		Debug|Any CPU = Debug|Any CPU
		Release|Any CPU = Release|Any CPU
	EndGlobalSection
	GlobalSection(ProjectConfigurationPlatforms) = postSolution
		{E7AF5D89-AA3B-46C4-8F4B-464FDCF93799}.Debug|Any CPU.ActiveCfg = Debug|Any CPU
		{E7AF5D89-AA3B-46C4-8F4B-464FDCF93799}.Debug|Any CPU.Build.0 = Debug|Any CPU
		{E7AF5D89-AA3B-46C4-8F4B-464FDCF93799}.Release|Any CPU.ActiveCfg = Release|Any CPU
		{E7AF5D89-AA3B-46C4-8F4B-464FDCF93799}.Release|Any CPU.Build.0 = Release|Any CPU
	EndGlobalSection
	GlobalSection(SolutionProperties) = preSolution
		HideSolutionNode = FALSE
	EndGlobalSection
EndGlobal
